// !$*UTF8*$!
{
	archiveVersion = 1;
	classes = {
	};
	objectVersion = 46;
	objects = {

/* Begin PBXBuildFile section */
		2F67231019A040E3005A2914 /* main.cpp in Sources */ = {isa = PBXBuildFile; fileRef = 2F67230F19A040E3005A2914 /* main.cpp */; };
		2F67231819A04124005A2914 /* sorting.cpp in Sources */ = {isa = PBXBuildFile; fileRef = 2F67231619A04124005A2914 /* sorting.cpp */; };
		2FB1686F19A15C1A006EF66D /* sorting.h in Sources */ = {isa = PBXBuildFile; fileRef = 2F67231719A04124005A2914 /* sorting.h */; };
/* End PBXBuildFile section */

/* Begin PBXCopyFilesBuildPhase section */
		2F67230A19A040E3005A2914 /* CopyFiles */ = {
			isa = PBXCopyFilesBuildPhase;
			buildActionMask = 2147483647;
			dstPath = /usr/share/man/man1/;
			dstSubfolderSpec = 0;
			files = (
			);
			runOnlyForDeploymentPostprocessing = 1;
		};
/* End PBXCopyFilesBuildPhase section */

/* Begin PBXFileReference section */
		2F67230C19A040E3005A2914 /* pa2x */ = {isa = PBXFileReference; explicitFileType = "compiled.mach-o.executable"; includeInIndex = 0; path = pa2x; sourceTree = BUILT_PRODUCTS_DIR; };
		2F67230F19A040E3005A2914 /* main.cpp */ = {isa = PBXFileReference; lastKnownFileType = sourcecode.cpp.cpp; path = main.cpp; sourceTree = "<group>"; };
		2F67231619A04124005A2914 /* sorting.cpp */ = {isa = PBXFileReference; fileEncoding = 4; lastKnownFileType = sourcecode.cpp.cpp; name = sorting.cpp; path = ../../sorting.cpp; sourceTree = "<group>"; };
		2F67231719A04124005A2914 /* sorting.h */ = {isa = PBXFileReference; fileEncoding = 4; lastKnownFileType = sourcecode.c.h; name = sorting.h; path = ../../sorting.h; sourceTree = "<group>"; };
		2FF4E34319A3FE8D000D1B1F /* sorting_perftests.cpp */ = {isa = PBXFileReference; fileEncoding = 4; lastKnownFileType = sourcecode.cpp.cpp; name = sorting_perftests.cpp; path = ../../tests/sorting_perftests.cpp; sourceTree = "<group>"; };
/* End PBXFileReference section */

/* Begin PBXFrameworksBuildPhase section */
		2F67230919A040E3005A2914 /* Frameworks */ = {
			isa = PBXFrameworksBuildPhase;
			buildActionMask = 2147483647;
			files = (
			);
			runOnlyForDeploymentPostprocessing = 0;
		};
/* End PBXFrameworksBuildPhase section */

/* Begin PBXGroup section */
		2F67230319A040E2005A2914 = {
			isa = PBXGroup;
			children = (
				2F67230E19A040E3005A2914 /* pa2x */,
				2F67230D19A040E3005A2914 /* Products */,
			);
			sourceTree = "<group>";
		};
		2F67230D19A040E3005A2914 /* Products */ = {
			isa = PBXGroup;
			children = (
				2F67230C19A040E3005A2914 /* pa2x */,
			);
			name = Products;
			sourceTree = "<group>";
		};
		2F67230E19A040E3005A2914 /* pa2x */ = {
			isa = PBXGroup;
			children = (
				2F67230F19A040E3005A2914 /* main.cpp */,
				2F67231619A04124005A2914 /* sorting.cpp */,
				2F67231719A04124005A2914 /* sorting.h */,
				2FF4E34319A3FE8D000D1B1F /* sorting_perftests.cpp */,
			);
			path = pa2x;
			sourceTree = "<group>";
		};
/* End PBXGroup section */

/* Begin PBXNativeTarget section */
		2F67230B19A040E3005A2914 /* pa2x */ = {
			isa = PBXNativeTarget;
			buildConfigurationList = 2F67231319A040E3005A2914 /* Build configuration list for PBXNativeTarget "pa2x" */;
			buildPhases = (
				2F67230819A040E3005A2914 /* Sources */,
				2F67230919A040E3005A2914 /* Frameworks */,
				2F67230A19A040E3005A2914 /* CopyFiles */,
			);
			buildRules = (
			);
			dependencies = (
			);
			name = pa2x;
			productName = pa2x;
			productReference = 2F67230C19A040E3005A2914 /* pa2x */;
			productType = "com.apple.product-type.tool";
		};
/* End PBXNativeTarget section */

/* Begin PBXProject section */
		2F67230419A040E2005A2914 /* Project object */ = {
			isa = PBXProject;
			attributes = {
				LastUpgradeCheck = 0600;
				ORGANIZATIONNAME = "Tyler Weimin Ouyang";
				TargetAttributes = {
					2F67230B19A040E3005A2914 = {
						CreatedOnToolsVersion = 6.0;
					};
				};
			};
			buildConfigurationList = 2F67230719A040E2005A2914 /* Build configuration list for PBXProject "pa2x" */;
			compatibilityVersion = "Xcode 3.2";
			developmentRegion = English;
			hasScannedForEncodings = 0;
			knownRegions = (
				en,
			);
			mainGroup = 2F67230319A040E2005A2914;
			productRefGroup = 2F67230D19A040E3005A2914 /* Products */;
			projectDirPath = "";
			projectRoot = "";
			targets = (
				2F67230B19A040E3005A2914 /* pa2x */,
			);
		};
/* End PBXProject section */

/* Begin PBXSourcesBuildPhase section */
		2F67230819A040E3005A2914 /* Sources */ = {
			isa = PBXSourcesBuildPhase;
			buildActionMask = 2147483647;
			files = (
				2FB1686F19A15C1A006EF66D /* sorting.h in Sources */,
				2F67231819A04124005A2914 /* sorting.cpp in Sources */,
				2F67231019A040E3005A2914 /* main.cpp in Sources */,
			);
			runOnlyForDeploymentPostprocessing = 0;
		};
/* End PBXSourcesBuildPhase section */

/* Begin XCBuildConfiguration section */
		2F67231119A040E3005A2914 /* Debug */ = {
			isa = XCBuildConfiguration;
			buildSettings = {
				ALWAYS_SEARCH_USER_PATHS = NO;
				CLANG_CXX_LANGUAGE_STANDARD = "gnu++0x";
				CLANG_CXX_LIBRARY = "libc++";
				CLANG_ENABLE_MODULES = YES;
				CLANG_ENABLE_OBJC_ARC = YES;
				CLANG_WARN_BOOL_CONVERSION = YES;
				CLANG_WARN_CONSTANT_CONVERSION = YES;
				CLANG_WARN_DIRECT_OBJC_ISA_USAGE = YES_ERROR;
				CLANG_WARN_EMPTY_BODY = YES;
				CLANG_WARN_ENUM_CONVERSION = YES;
				CLANG_WARN_INT_CONVERSION = YES;
				CLANG_WARN_OBJC_ROOT_CLASS = YES_ERROR;
				CLANG_WARN_UNREACHABLE_CODE = YES;
				CLANG_WARN__DUPLICATE_METHOD_MATCH = YES;
				COPY_PHASE_STRIP = NO;
				ENABLE_STRICT_OBJC_MSGSEND = YES;
				GCC_C_LANGUAGE_STANDARD = gnu99;
				GCC_DYNAMIC_NO_PIC = NO;
				GCC_OPTIMIZATION_LEVEL = 0;
				GCC_PREPROCESSOR_DEFINITIONS = (
					"DEBUG=1",
					"$(inherited)",
				);
				GCC_SYMBOLS_PRIVATE_EXTERN = NO;
				GCC_WARN_64_TO_32_BIT_CONVERSION = YES;
				GCC_WARN_ABOUT_RETURN_TYPE = YES_ERROR;
				GCC_WARN_UNDECLARED_SELECTOR = YES;
				GCC_WARN_UNINITIALIZED_AUTOS = YES_AGGRESSIVE;
				GCC_WARN_UNUSED_FUNCTION = YES;
				GCC_WARN_UNUSED_VARIABLE = YES;
				MACOSX_DEPLOYMENT_TARGET = 10.9;
				MTL_ENABLE_DEBUG_INFO = YES;
				ONLY_ACTIVE_ARCH = YES;
				SDKROOT = macosx;
			};
			name = Debug;
		};
		2F67231219A040E3005A2914 /* Release */ = {
			isa = XCBuildConfiguration;
			buildSettings = {
				ALWAYS_SEARCH_USER_PATHS = NO;
				CLANG_CXX_LANGUAGE_STANDARD = "gnu++0x";
				CLANG_CXX_LIBRARY = "libc++";
				CLANG_ENABLE_MODULES = YES;
				CLANG_ENABLE_OBJC_ARC = YES;
				CLANG_WARN_BOOL_CONVERSION = YES;
				CLANG_WARN_CONSTANT_CONVERSION = YES;
				CLANG_WARN_DIRECT_OBJC_ISA_USAGE = YES_ERROR;
				CLANG_WARN_EMPTY_BODY = YES;
				CLANG_WARN_ENUM_CONVERSION = YES;
				CLANG_WARN_INT_CONVERSION = YES;
				CLANG_WARN_OBJC_ROOT_CLASS = YES_ERROR;
				CLANG_WARN_UNREACHABLE_CODE = YES;
				CLANG_WARN__DUPLICATE_METHOD_MATCH = YES;
				COPY_PHASE_STRIP = YES;
				DEBUG_INFORMATION_FORMAT = "dwarf-with-dsym";
				ENABLE_NS_ASSERTIONS = NO;
				ENABLE_STRICT_OBJC_MSGSEND = YES;
				GCC_C_LANGUAGE_STANDARD = gnu99;
				GCC_WARN_64_TO_32_BIT_CONVERSION = YES;
				GCC_WARN_ABOUT_RETURN_TYPE = YES_ERROR;
				GCC_WARN_UNDECLARED_SELECTOR = YES;
				GCC_WARN_UNINITIALIZED_AUTOS = YES_AGGRESSIVE;
				GCC_WARN_UNUSED_FUNCTION = YES;
				GCC_WARN_UNUSED_VARIABLE = YES;
				MACOSX_DEPLOYMENT_TARGET = 10.9;
				MTL_ENABLE_DEBUG_INFO = NO;
				SDKROOT = macosx;
			};
			name = Release;
		};
		2F67231419A040E3005A2914 /* Debug */ = {
			isa = XCBuildConfiguration;
			buildSettings = {
				PRODUCT_NAME = "$(TARGET_NAME)";
			};
			name = Debug;
		};
		2F67231519A040E3005A2914 /* Release */ = {
			isa = XCBuildConfiguration;
			buildSettings = {
				PRODUCT_NAME = "$(TARGET_NAME)";
			};
			name = Release;
		};
/* End XCBuildConfiguration section */

/* Begin XCConfigurationList section */
		2F67230719A040E2005A2914 /* Build configuration list for PBXProject "pa2x" */ = {
			isa = XCConfigurationList;
			buildConfigurations = (
				2F67231119A040E3005A2914 /* Debug */,
				2F67231219A040E3005A2914 /* Release */,
			);
			defaultConfigurationIsVisible = 0;
			defaultConfigurationName = Release;
		};
		2F67231319A040E3005A2914 /* Build configuration list for PBXNativeTarget "pa2x" */ = {
			isa = XCConfigurationList;
			buildConfigurations = (
				2F67231419A040E3005A2914 /* Debug */,
				2F67231519A040E3005A2914 /* Release */,
			);
			defaultConfigurationIsVisible = 0;
			defaultConfigurationName = Release;
		};
/* End XCConfigurationList section */
	};
	rootObject = 2F67230419A040E2005A2914 /* Project object */;
}
